// !$*UTF8*$!
{
	archiveVersion = 1;
	classes = {
	};
	objectVersion = 56;
	objects = {

/* Begin PBXBuildFile section */
		2306B1542CADD31000ECC155 /* ThemeColors.swift in Sources */ = {isa = PBXBuildFile; fileRef = 2306B1532CADD30B00ECC155 /* ThemeColors.swift */; };
		231DE64C2CB3AA58008EFABA /* Tabs.swift in Sources */ = {isa = PBXBuildFile; fileRef = 231DE64B2CB3AA4F008EFABA /* Tabs.swift */; };
		231DE64E2CB3AD7A008EFABA /* TabBar.swift in Sources */ = {isa = PBXBuildFile; fileRef = 231DE64D2CB3AD6F008EFABA /* TabBar.swift */; };
		231DE6562CB4991E008EFABA /* CircularProgressBar.swift in Sources */ = {isa = PBXBuildFile; fileRef = 231DE6552CB49914008EFABA /* CircularProgressBar.swift */; };
		231E92012CAEFEBD00964175 /* FontSizes.swift in Sources */ = {isa = PBXBuildFile; fileRef = 231E92002CAEFEA700964175 /* FontSizes.swift */; };
		233A0B6D2CB2007300570652 /* Icons.swift in Sources */ = {isa = PBXBuildFile; fileRef = 233A0B6C2CB2007100570652 /* Icons.swift */; };
		233A0B6F2CB2095B00570652 /* IconImage.swift in Sources */ = {isa = PBXBuildFile; fileRef = 233A0B6E2CB2095300570652 /* IconImage.swift */; };
		233A0B722CB2486200570652 /* ShadowConstants.swift in Sources */ = {isa = PBXBuildFile; fileRef = 233A0B712CB2486200570652 /* ShadowConstants.swift */; };
		2353BDA92CC61B2F0019412C /* PlantStatsView.swift in Sources */ = {isa = PBXBuildFile; fileRef = 2353BDA82CC61B2F0019412C /* PlantStatsView.swift */; };
		2353BDAB2CC61B600019412C /* FitnessStatsView.swift in Sources */ = {isa = PBXBuildFile; fileRef = 2353BDAA2CC61B600019412C /* FitnessStatsView.swift */; };
		2353BDAD2CC7183F0019412C /* TimePeriodPicker.swift in Sources */ = {isa = PBXBuildFile; fileRef = 2353BDAC2CC7183F0019412C /* TimePeriodPicker.swift */; };
		238719432CAF090F00305DFA /* .gitignore in Resources */ = {isa = PBXBuildFile; fileRef = 238719422CAF090F00305DFA /* .gitignore */; };
		238719492CAF172A00305DFA /* DailyTasksView.swift in Sources */ = {isa = PBXBuildFile; fileRef = 238719482CAF172A00305DFA /* DailyTasksView.swift */; };
		238719942CB0635200305DFA /* TaskModel.swift in Sources */ = {isa = PBXBuildFile; fileRef = 238719932CB0634A00305DFA /* TaskModel.swift */; };
		238719962CB06AB000305DFA /* GenerateRandomTasks.swift in Sources */ = {isa = PBXBuildFile; fileRef = 238719952CB06A9D00305DFA /* GenerateRandomTasks.swift */; };
		2387199D2CB0709600305DFA /* TaskCard.swift in Sources */ = {isa = PBXBuildFile; fileRef = 2387199C2CB0709600305DFA /* TaskCard.swift */; };
		2387199F2CB0715A00305DFA /* ViewTitle.swift in Sources */ = {isa = PBXBuildFile; fileRef = 2387199E2CB0715A00305DFA /* ViewTitle.swift */; };
		23F44A822CC761A100721D6E /* NumberFormatter.swift in Sources */ = {isa = PBXBuildFile; fileRef = 23F44A812CC7619300721D6E /* NumberFormatter.swift */; };
		23F44A842CC77A0E00721D6E /* FitnessStatsModel.swift in Sources */ = {isa = PBXBuildFile; fileRef = 23F44A832CC77A0E00721D6E /* FitnessStatsModel.swift */; };
		23F44A862CC8C08D00721D6E /* PlantStatsModel.swift in Sources */ = {isa = PBXBuildFile; fileRef = 23F44A852CC8C08D00721D6E /* PlantStatsModel.swift */; };
		23F44A882CC8F14500721D6E /* StatsCard.swift in Sources */ = {isa = PBXBuildFile; fileRef = 23F44A872CC8F14500721D6E /* StatsCard.swift */; };
		23F44A8A2CC8F9DD00721D6E /* PlantStatsDetailView.swift in Sources */ = {isa = PBXBuildFile; fileRef = 23F44A892CC8F9DD00721D6E /* PlantStatsDetailView.swift */; };
		23F44A8E2CC8FD5900721D6E /* FitnessStatsManager.swift in Sources */ = {isa = PBXBuildFile; fileRef = 23F44A8D2CC8FD5900721D6E /* FitnessStatsManager.swift */; };
		23F44A902CC8FD7C00721D6E /* TaskManager.swift in Sources */ = {isa = PBXBuildFile; fileRef = 23F44A8F2CC8FD7C00721D6E /* TaskManager.swift */; };
		23F44A922CC8FD9F00721D6E /* UserPlantManager.swift in Sources */ = {isa = PBXBuildFile; fileRef = 23F44A912CC8FD9F00721D6E /* UserPlantManager.swift */; };
		822948AD2CB26525003BD934 /* PlantGalleryCard.swift in Sources */ = {isa = PBXBuildFile; fileRef = 822948AC2CB26525003BD934 /* PlantGalleryCard.swift */; };
		822948AF2CB356EA003BD934 /* ProgressBar.swift in Sources */ = {isa = PBXBuildFile; fileRef = 822948AE2CB356EA003BD934 /* ProgressBar.swift */; };
		822FF6FF2CB1154000F8F5DC /* BasePlantModel.swift in Sources */ = {isa = PBXBuildFile; fileRef = 822FF6FD2CB1154000F8F5DC /* BasePlantModel.swift */; };
		822FF7002CB1154000F8F5DC /* UserPlantModel.swift in Sources */ = {isa = PBXBuildFile; fileRef = 822FF6FE2CB1154000F8F5DC /* UserPlantModel.swift */; };
		822FF7022CB118EC00F8F5DC /* PopUp.swift in Sources */ = {isa = PBXBuildFile; fileRef = 822FF7012CB118EC00F8F5DC /* PopUp.swift */; };
		823A18802CC9B20E00289917 /* ChartsView.swift in Sources */ = {isa = PBXBuildFile; fileRef = 823A187F2CC9B20E00289917 /* ChartsView.swift */; };
		823A18822CC9B28000289917 /* FitnessStatsDetailView.swift in Sources */ = {isa = PBXBuildFile; fileRef = 823A18812CC9B28000289917 /* FitnessStatsDetailView.swift */; };
		823A18862CC9B96600289917 /* MetricType.swift in Sources */ = {isa = PBXBuildFile; fileRef = 823A18852CC9B96600289917 /* MetricType.swift */; };
		823A18882CCA17E800289917 /* AggregateHealthDataView.swift in Sources */ = {isa = PBXBuildFile; fileRef = 823A18872CCA17E800289917 /* AggregateHealthDataView.swift */; };
		8258D9CF2CC9989400E04273 /* TempStatsView.swift in Sources */ = {isa = PBXBuildFile; fileRef = 8258D9CE2CC9989400E04273 /* TempStatsView.swift */; };
		827C6D5D2CAE0B4D00F29BE5 /* PlantShopView.swift in Sources */ = {isa = PBXBuildFile; fileRef = 827C6D5C2CAE0B4D00F29BE5 /* PlantShopView.swift */; };
		8280FF212CC62BC900455EC4 /* HealthManager.swift in Sources */ = {isa = PBXBuildFile; fileRef = 8280FF202CC62BC900455EC4 /* HealthManager.swift */; };
		8280FF232CC63B4D00455EC4 /* ActivityModel.swift in Sources */ = {isa = PBXBuildFile; fileRef = 8280FF222CC63B4D00455EC4 /* ActivityModel.swift */; };
		828897652CAE40D10089C5DD /* PlantShopCard.swift in Sources */ = {isa = PBXBuildFile; fileRef = 828897642CAE40D10089C5DD /* PlantShopCard.swift */; };
		8298A0E62CA9F65B0062563F /* LilyPathApp.swift in Sources */ = {isa = PBXBuildFile; fileRef = 8298A0E52CA9F65B0062563F /* LilyPathApp.swift */; };
		8298A0E82CA9F65B0062563F /* ContentView.swift in Sources */ = {isa = PBXBuildFile; fileRef = 8298A0E72CA9F65B0062563F /* ContentView.swift */; };
		8298A0EA2CA9F65B0062563F /* Assets.xcassets in Resources */ = {isa = PBXBuildFile; fileRef = 8298A0E92CA9F65B0062563F /* Assets.xcassets */; };
		8298A0ED2CA9F65B0062563F /* Preview Assets.xcassets in Resources */ = {isa = PBXBuildFile; fileRef = 8298A0EC2CA9F65B0062563F /* Preview Assets.xcassets */; };
		8298A0F72CA9F65C0062563F /* LilyPathTests.swift in Sources */ = {isa = PBXBuildFile; fileRef = 8298A0F62CA9F65C0062563F /* LilyPathTests.swift */; };
		8298A1012CA9F65C0062563F /* LilyPathUITests.swift in Sources */ = {isa = PBXBuildFile; fileRef = 8298A1002CA9F65C0062563F /* LilyPathUITests.swift */; };
		8298A1032CA9F65C0062563F /* LilyPathUITestsLaunchTests.swift in Sources */ = {isa = PBXBuildFile; fileRef = 8298A1022CA9F65C0062563F /* LilyPathUITestsLaunchTests.swift */; };
		8298A1152CAA03D40062563F /* HomeView.swift in Sources */ = {isa = PBXBuildFile; fileRef = 8298A1142CAA03D40062563F /* HomeView.swift */; };
		8298A1172CAA04340062563F /* GardenView.swift in Sources */ = {isa = PBXBuildFile; fileRef = 8298A1162CAA04340062563F /* GardenView.swift */; };
		8298A1192CAA04430062563F /* StatisticsView.swift in Sources */ = {isa = PBXBuildFile; fileRef = 8298A1182CAA04430062563F /* StatisticsView.swift */; };
		8298A11B2CAA04B10062563F /* SplashScreenView.swift in Sources */ = {isa = PBXBuildFile; fileRef = 8298A11A2CAA04B10062563F /* SplashScreenView.swift */; };
		82D166002CB4F4C000A91D5E /* ImageModifier.swift in Sources */ = {isa = PBXBuildFile; fileRef = 82D165FF2CB4F4C000A91D5E /* ImageModifier.swift */; };
		82DDA1832CB379A2008585EE /* PlantGalleryView.swift in Sources */ = {isa = PBXBuildFile; fileRef = 82DDA1822CB379A2008585EE /* PlantGalleryView.swift */; };
/* End PBXBuildFile section */

/* Begin PBXContainerItemProxy section */
		8298A0F32CA9F65C0062563F /* PBXContainerItemProxy */ = {
			isa = PBXContainerItemProxy;
			containerPortal = 8298A0DA2CA9F65B0062563F /* Project object */;
			proxyType = 1;
			remoteGlobalIDString = 8298A0E12CA9F65B0062563F;
			remoteInfo = LilyPath;
		};
		8298A0FD2CA9F65C0062563F /* PBXContainerItemProxy */ = {
			isa = PBXContainerItemProxy;
			containerPortal = 8298A0DA2CA9F65B0062563F /* Project object */;
			proxyType = 1;
			remoteGlobalIDString = 8298A0E12CA9F65B0062563F;
			remoteInfo = LilyPath;
		};
/* End PBXContainerItemProxy section */

/* Begin PBXFileReference section */
		2306B1532CADD30B00ECC155 /* ThemeColors.swift */ = {isa = PBXFileReference; lastKnownFileType = sourcecode.swift; path = ThemeColors.swift; sourceTree = "<group>"; };
		231DE64B2CB3AA4F008EFABA /* Tabs.swift */ = {isa = PBXFileReference; lastKnownFileType = sourcecode.swift; path = Tabs.swift; sourceTree = "<group>"; };
		231DE64D2CB3AD6F008EFABA /* TabBar.swift */ = {isa = PBXFileReference; lastKnownFileType = sourcecode.swift; path = TabBar.swift; sourceTree = "<group>"; };
		231DE6552CB49914008EFABA /* CircularProgressBar.swift */ = {isa = PBXFileReference; lastKnownFileType = sourcecode.swift; path = CircularProgressBar.swift; sourceTree = "<group>"; };
		231E92002CAEFEA700964175 /* FontSizes.swift */ = {isa = PBXFileReference; lastKnownFileType = sourcecode.swift; path = FontSizes.swift; sourceTree = "<group>"; };
		233A0B6C2CB2007100570652 /* Icons.swift */ = {isa = PBXFileReference; lastKnownFileType = sourcecode.swift; path = Icons.swift; sourceTree = "<group>"; };
		233A0B6E2CB2095300570652 /* IconImage.swift */ = {isa = PBXFileReference; lastKnownFileType = sourcecode.swift; path = IconImage.swift; sourceTree = "<group>"; };
		233A0B712CB2486200570652 /* ShadowConstants.swift */ = {isa = PBXFileReference; lastKnownFileType = sourcecode.swift; path = ShadowConstants.swift; sourceTree = "<group>"; };
		2353BDA82CC61B2F0019412C /* PlantStatsView.swift */ = {isa = PBXFileReference; lastKnownFileType = sourcecode.swift; path = PlantStatsView.swift; sourceTree = "<group>"; };
		2353BDAA2CC61B600019412C /* FitnessStatsView.swift */ = {isa = PBXFileReference; lastKnownFileType = sourcecode.swift; path = FitnessStatsView.swift; sourceTree = "<group>"; };
		2353BDAC2CC7183F0019412C /* TimePeriodPicker.swift */ = {isa = PBXFileReference; lastKnownFileType = sourcecode.swift; path = TimePeriodPicker.swift; sourceTree = "<group>"; };
		238719422CAF090F00305DFA /* .gitignore */ = {isa = PBXFileReference; lastKnownFileType = text; path = .gitignore; sourceTree = "<group>"; };
		238719482CAF172A00305DFA /* DailyTasksView.swift */ = {isa = PBXFileReference; lastKnownFileType = sourcecode.swift; path = DailyTasksView.swift; sourceTree = "<group>"; };
		238719932CB0634A00305DFA /* TaskModel.swift */ = {isa = PBXFileReference; lastKnownFileType = sourcecode.swift; path = TaskModel.swift; sourceTree = "<group>"; };
		238719952CB06A9D00305DFA /* GenerateRandomTasks.swift */ = {isa = PBXFileReference; lastKnownFileType = sourcecode.swift; path = GenerateRandomTasks.swift; sourceTree = "<group>"; };
		2387199C2CB0709600305DFA /* TaskCard.swift */ = {isa = PBXFileReference; lastKnownFileType = sourcecode.swift; path = TaskCard.swift; sourceTree = "<group>"; };
		2387199E2CB0715A00305DFA /* ViewTitle.swift */ = {isa = PBXFileReference; lastKnownFileType = sourcecode.swift; path = ViewTitle.swift; sourceTree = "<group>"; };
		23F44A812CC7619300721D6E /* NumberFormatter.swift */ = {isa = PBXFileReference; lastKnownFileType = sourcecode.swift; path = NumberFormatter.swift; sourceTree = "<group>"; };
		23F44A832CC77A0E00721D6E /* FitnessStatsModel.swift */ = {isa = PBXFileReference; lastKnownFileType = sourcecode.swift; path = FitnessStatsModel.swift; sourceTree = "<group>"; };
		23F44A852CC8C08D00721D6E /* PlantStatsModel.swift */ = {isa = PBXFileReference; lastKnownFileType = sourcecode.swift; path = PlantStatsModel.swift; sourceTree = "<group>"; };
		23F44A872CC8F14500721D6E /* StatsCard.swift */ = {isa = PBXFileReference; lastKnownFileType = sourcecode.swift; path = StatsCard.swift; sourceTree = "<group>"; };
		23F44A892CC8F9DD00721D6E /* PlantStatsDetailView.swift */ = {isa = PBXFileReference; lastKnownFileType = sourcecode.swift; path = PlantStatsDetailView.swift; sourceTree = "<group>"; };
		23F44A8D2CC8FD5900721D6E /* FitnessStatsManager.swift */ = {isa = PBXFileReference; lastKnownFileType = sourcecode.swift; path = FitnessStatsManager.swift; sourceTree = "<group>"; };
		23F44A8F2CC8FD7C00721D6E /* TaskManager.swift */ = {isa = PBXFileReference; lastKnownFileType = sourcecode.swift; path = TaskManager.swift; sourceTree = "<group>"; };
		23F44A912CC8FD9F00721D6E /* UserPlantManager.swift */ = {isa = PBXFileReference; lastKnownFileType = sourcecode.swift; path = UserPlantManager.swift; sourceTree = "<group>"; };
		820667702CC60ADF00D2CC47 /* LilyPath.entitlements */ = {isa = PBXFileReference; lastKnownFileType = text.plist.entitlements; path = LilyPath.entitlements; sourceTree = "<group>"; };
		822948AC2CB26525003BD934 /* PlantGalleryCard.swift */ = {isa = PBXFileReference; lastKnownFileType = sourcecode.swift; path = PlantGalleryCard.swift; sourceTree = "<group>"; };
		822948AE2CB356EA003BD934 /* ProgressBar.swift */ = {isa = PBXFileReference; lastKnownFileType = sourcecode.swift; path = ProgressBar.swift; sourceTree = "<group>"; };
		822FF6FD2CB1154000F8F5DC /* BasePlantModel.swift */ = {isa = PBXFileReference; lastKnownFileType = sourcecode.swift; path = BasePlantModel.swift; sourceTree = "<group>"; };
		822FF6FE2CB1154000F8F5DC /* UserPlantModel.swift */ = {isa = PBXFileReference; lastKnownFileType = sourcecode.swift; path = UserPlantModel.swift; sourceTree = "<group>"; };
		822FF7012CB118EC00F8F5DC /* PopUp.swift */ = {isa = PBXFileReference; lastKnownFileType = sourcecode.swift; path = PopUp.swift; sourceTree = "<group>"; };
		823A187F2CC9B20E00289917 /* ChartsView.swift */ = {isa = PBXFileReference; lastKnownFileType = sourcecode.swift; path = ChartsView.swift; sourceTree = "<group>"; };
		823A18812CC9B28000289917 /* FitnessStatsDetailView.swift */ = {isa = PBXFileReference; lastKnownFileType = sourcecode.swift; path = FitnessStatsDetailView.swift; sourceTree = "<group>"; };
		823A18852CC9B96600289917 /* MetricType.swift */ = {isa = PBXFileReference; lastKnownFileType = sourcecode.swift; path = MetricType.swift; sourceTree = "<group>"; };
		823A18872CCA17E800289917 /* AggregateHealthDataView.swift */ = {isa = PBXFileReference; lastKnownFileType = sourcecode.swift; path = AggregateHealthDataView.swift; sourceTree = "<group>"; };
		8258D9CE2CC9989400E04273 /* TempStatsView.swift */ = {isa = PBXFileReference; lastKnownFileType = sourcecode.swift; path = TempStatsView.swift; sourceTree = "<group>"; };
		827C6D5C2CAE0B4D00F29BE5 /* PlantShopView.swift */ = {isa = PBXFileReference; lastKnownFileType = sourcecode.swift; path = PlantShopView.swift; sourceTree = "<group>"; };
		8280FF1F2CC60EA000455EC4 /* Info.plist */ = {isa = PBXFileReference; lastKnownFileType = text.plist; path = Info.plist; sourceTree = "<group>"; };
		8280FF202CC62BC900455EC4 /* HealthManager.swift */ = {isa = PBXFileReference; lastKnownFileType = sourcecode.swift; path = HealthManager.swift; sourceTree = "<group>"; };
		8280FF222CC63B4D00455EC4 /* ActivityModel.swift */ = {isa = PBXFileReference; lastKnownFileType = sourcecode.swift; path = ActivityModel.swift; sourceTree = "<group>"; };
		828897642CAE40D10089C5DD /* PlantShopCard.swift */ = {isa = PBXFileReference; lastKnownFileType = sourcecode.swift; path = PlantShopCard.swift; sourceTree = "<group>"; };
		8298A0E22CA9F65B0062563F /* LilyPath.app */ = {isa = PBXFileReference; explicitFileType = wrapper.application; includeInIndex = 0; path = LilyPath.app; sourceTree = BUILT_PRODUCTS_DIR; };
		8298A0E52CA9F65B0062563F /* LilyPathApp.swift */ = {isa = PBXFileReference; lastKnownFileType = sourcecode.swift; path = LilyPathApp.swift; sourceTree = "<group>"; };
		8298A0E72CA9F65B0062563F /* ContentView.swift */ = {isa = PBXFileReference; lastKnownFileType = sourcecode.swift; path = ContentView.swift; sourceTree = "<group>"; };
		8298A0E92CA9F65B0062563F /* Assets.xcassets */ = {isa = PBXFileReference; lastKnownFileType = folder.assetcatalog; path = Assets.xcassets; sourceTree = "<group>"; };
		8298A0EC2CA9F65B0062563F /* Preview Assets.xcassets */ = {isa = PBXFileReference; lastKnownFileType = folder.assetcatalog; path = "Preview Assets.xcassets"; sourceTree = "<group>"; };
		8298A0F22CA9F65C0062563F /* LilyPathTests.xctest */ = {isa = PBXFileReference; explicitFileType = wrapper.cfbundle; includeInIndex = 0; path = LilyPathTests.xctest; sourceTree = BUILT_PRODUCTS_DIR; };
		8298A0F62CA9F65C0062563F /* LilyPathTests.swift */ = {isa = PBXFileReference; lastKnownFileType = sourcecode.swift; path = LilyPathTests.swift; sourceTree = "<group>"; };
		8298A0FC2CA9F65C0062563F /* LilyPathUITests.xctest */ = {isa = PBXFileReference; explicitFileType = wrapper.cfbundle; includeInIndex = 0; path = LilyPathUITests.xctest; sourceTree = BUILT_PRODUCTS_DIR; };
		8298A1002CA9F65C0062563F /* LilyPathUITests.swift */ = {isa = PBXFileReference; lastKnownFileType = sourcecode.swift; path = LilyPathUITests.swift; sourceTree = "<group>"; };
		8298A1022CA9F65C0062563F /* LilyPathUITestsLaunchTests.swift */ = {isa = PBXFileReference; lastKnownFileType = sourcecode.swift; path = LilyPathUITestsLaunchTests.swift; sourceTree = "<group>"; };
		8298A1142CAA03D40062563F /* HomeView.swift */ = {isa = PBXFileReference; lastKnownFileType = sourcecode.swift; path = HomeView.swift; sourceTree = "<group>"; };
		8298A1162CAA04340062563F /* GardenView.swift */ = {isa = PBXFileReference; lastKnownFileType = sourcecode.swift; path = GardenView.swift; sourceTree = "<group>"; };
		8298A1182CAA04430062563F /* StatisticsView.swift */ = {isa = PBXFileReference; lastKnownFileType = sourcecode.swift; path = StatisticsView.swift; sourceTree = "<group>"; };
		8298A11A2CAA04B10062563F /* SplashScreenView.swift */ = {isa = PBXFileReference; lastKnownFileType = sourcecode.swift; path = SplashScreenView.swift; sourceTree = "<group>"; };
		82D165FF2CB4F4C000A91D5E /* ImageModifier.swift */ = {isa = PBXFileReference; lastKnownFileType = sourcecode.swift; path = ImageModifier.swift; sourceTree = "<group>"; };
		82DDA1822CB379A2008585EE /* PlantGalleryView.swift */ = {isa = PBXFileReference; lastKnownFileType = sourcecode.swift; path = PlantGalleryView.swift; sourceTree = "<group>"; };
/* End PBXFileReference section */

/* Begin PBXFrameworksBuildPhase section */
		8298A0DF2CA9F65B0062563F /* Frameworks */ = {
			isa = PBXFrameworksBuildPhase;
			buildActionMask = 2147483647;
			files = (
			);
			runOnlyForDeploymentPostprocessing = 0;
		};
		8298A0EF2CA9F65C0062563F /* Frameworks */ = {
			isa = PBXFrameworksBuildPhase;
			buildActionMask = 2147483647;
			files = (
			);
			runOnlyForDeploymentPostprocessing = 0;
		};
		8298A0F92CA9F65C0062563F /* Frameworks */ = {
			isa = PBXFrameworksBuildPhase;
			buildActionMask = 2147483647;
			files = (
			);
			runOnlyForDeploymentPostprocessing = 0;
		};
/* End PBXFrameworksBuildPhase section */

/* Begin PBXGroup section */
		2306B1522CADD2FB00ECC155 /* Utilities */ = {
			isa = PBXGroup;
			children = (
				823A18852CC9B96600289917 /* MetricType.swift */,
				23F44A812CC7619300721D6E /* NumberFormatter.swift */,
				231DE64B2CB3AA4F008EFABA /* Tabs.swift */,
				233A0B712CB2486200570652 /* ShadowConstants.swift */,
				233A0B6C2CB2007100570652 /* Icons.swift */,
				231E92002CAEFEA700964175 /* FontSizes.swift */,
				2306B1532CADD30B00ECC155 /* ThemeColors.swift */,
				82D165FF2CB4F4C000A91D5E /* ImageModifier.swift */,
			);
			path = Utilities;
			sourceTree = "<group>";
		};
		233A0B702CB2114B00570652 /* Helpers */ = {
			isa = PBXGroup;
			children = (
				238719952CB06A9D00305DFA /* GenerateRandomTasks.swift */,
			);
			path = Helpers;
			sourceTree = "<group>";
		};
		238719992CB0707B00305DFA /* Components */ = {
			isa = PBXGroup;
			children = (
				2353BDAC2CC7183F0019412C /* TimePeriodPicker.swift */,
				231DE6552CB49914008EFABA /* CircularProgressBar.swift */,
				231DE64D2CB3AD6F008EFABA /* TabBar.swift */,
				233A0B6E2CB2095300570652 /* IconImage.swift */,
				2387199E2CB0715A00305DFA /* ViewTitle.swift */,
				822948AE2CB356EA003BD934 /* ProgressBar.swift */,
				822FF7012CB118EC00F8F5DC /* PopUp.swift */,
			);
			path = Components;
			sourceTree = "<group>";
		};
		23BE23812CAB250700D1D961 /* Models */ = {
			isa = PBXGroup;
			children = (
				23F44A852CC8C08D00721D6E /* PlantStatsModel.swift */,
				23F44A832CC77A0E00721D6E /* FitnessStatsModel.swift */,
				238719932CB0634A00305DFA /* TaskModel.swift */,
				822FF6FE2CB1154000F8F5DC /* UserPlantModel.swift */,
				822FF6FD2CB1154000F8F5DC /* BasePlantModel.swift */,
				8280FF222CC63B4D00455EC4 /* ActivityModel.swift */,
			);
			path = Models;
			sourceTree = "<group>";
		};
		23F44A8C2CC8FD3300721D6E /* Managers */ = {
			isa = PBXGroup;
			children = (
				8280FF202CC62BC900455EC4 /* HealthManager.swift */,
				23F44A912CC8FD9F00721D6E /* UserPlantManager.swift */,
				23F44A8F2CC8FD7C00721D6E /* TaskManager.swift */,
				23F44A8D2CC8FD5900721D6E /* FitnessStatsManager.swift */,
			);
			path = Managers;
			sourceTree = "<group>";
		};
		8298A0D92CA9F65B0062563F = {
			isa = PBXGroup;
			children = (
				238719422CAF090F00305DFA /* .gitignore */,
				8298A0E42CA9F65B0062563F /* LilyPath */,
				8298A0F52CA9F65C0062563F /* LilyPathTests */,
				8298A0FF2CA9F65C0062563F /* LilyPathUITests */,
				8298A0E32CA9F65B0062563F /* Products */,
			);
			sourceTree = "<group>";
		};
		8298A0E32CA9F65B0062563F /* Products */ = {
			isa = PBXGroup;
			children = (
				8298A0E22CA9F65B0062563F /* LilyPath.app */,
				8298A0F22CA9F65C0062563F /* LilyPathTests.xctest */,
				8298A0FC2CA9F65C0062563F /* LilyPathUITests.xctest */,
			);
			name = Products;
			sourceTree = "<group>";
		};
		8298A0E42CA9F65B0062563F /* LilyPath */ = {
			isa = PBXGroup;
			children = (
				8280FF1F2CC60EA000455EC4 /* Info.plist */,
				820667702CC60ADF00D2CC47 /* LilyPath.entitlements */,
				8298A0E52CA9F65B0062563F /* LilyPathApp.swift */,
				2306B1522CADD2FB00ECC155 /* Utilities */,
				238719992CB0707B00305DFA /* Components */,
				233A0B702CB2114B00570652 /* Helpers */,
				23F44A8C2CC8FD3300721D6E /* Managers */,
				23BE23812CAB250700D1D961 /* Models */,
				8298A10F2CAA03460062563F /* Views */,
				8298A0E92CA9F65B0062563F /* Assets.xcassets */,
				8298A0EB2CA9F65B0062563F /* Preview Content */,
			);
			path = LilyPath;
			sourceTree = "<group>";
		};
		8298A0EB2CA9F65B0062563F /* Preview Content */ = {
			isa = PBXGroup;
			children = (
				8298A0EC2CA9F65B0062563F /* Preview Assets.xcassets */,
			);
			path = "Preview Content";
			sourceTree = "<group>";
		};
		8298A0F52CA9F65C0062563F /* LilyPathTests */ = {
			isa = PBXGroup;
			children = (
				8298A0F62CA9F65C0062563F /* LilyPathTests.swift */,
			);
			path = LilyPathTests;
			sourceTree = "<group>";
		};
		8298A0FF2CA9F65C0062563F /* LilyPathUITests */ = {
			isa = PBXGroup;
			children = (
				8298A1002CA9F65C0062563F /* LilyPathUITests.swift */,
				8298A1022CA9F65C0062563F /* LilyPathUITestsLaunchTests.swift */,
			);
			path = LilyPathUITests;
			sourceTree = "<group>";
		};
		8298A10F2CAA03460062563F /* Views */ = {
			isa = PBXGroup;
			children = (
				8298A1112CAA03670062563F /* Home */,
				8298A1122CAA037D0062563F /* Garden */,
				8298A1132CAA03870062563F /* Statistics */,
				8298A11A2CAA04B10062563F /* SplashScreenView.swift */,
				8298A0E72CA9F65B0062563F /* ContentView.swift */,
			);
			path = Views;
			sourceTree = "<group>";
		};
		8298A1112CAA03670062563F /* Home */ = {
			isa = PBXGroup;
			children = (
				8298A1142CAA03D40062563F /* HomeView.swift */,
				238719482CAF172A00305DFA /* DailyTasksView.swift */,
				2387199C2CB0709600305DFA /* TaskCard.swift */,
				827C6D5C2CAE0B4D00F29BE5 /* PlantShopView.swift */,
				828897642CAE40D10089C5DD /* PlantShopCard.swift */,
			);
			path = Home;
			sourceTree = "<group>";
		};
		8298A1122CAA037D0062563F /* Garden */ = {
			isa = PBXGroup;
			children = (
				8298A1162CAA04340062563F /* GardenView.swift */,
				82DDA1822CB379A2008585EE /* PlantGalleryView.swift */,
				822948AC2CB26525003BD934 /* PlantGalleryCard.swift */,
			);
			path = Garden;
			sourceTree = "<group>";
		};
		8298A1132CAA03870062563F /* Statistics */ = {
			isa = PBXGroup;
			children = (
				8298A1182CAA04430062563F /* StatisticsView.swift */,
				2353BDA82CC61B2F0019412C /* PlantStatsView.swift */,
				23F44A892CC8F9DD00721D6E /* PlantStatsDetailView.swift */,
				2353BDAA2CC61B600019412C /* FitnessStatsView.swift */,
				823A18812CC9B28000289917 /* FitnessStatsDetailView.swift */,
				23F44A872CC8F14500721D6E /* StatsCard.swift */,
				823A187F2CC9B20E00289917 /* ChartsView.swift */,
				8258D9CE2CC9989400E04273 /* TempStatsView.swift */,
				823A18872CCA17E800289917 /* AggregateHealthDataView.swift */,
			);
			path = Statistics;
			sourceTree = "<group>";
		};
/* End PBXGroup section */

/* Begin PBXNativeTarget section */
		8298A0E12CA9F65B0062563F /* LilyPath */ = {
			isa = PBXNativeTarget;
			buildConfigurationList = 8298A1062CA9F65C0062563F /* Build configuration list for PBXNativeTarget "LilyPath" */;
			buildPhases = (
				8298A0DE2CA9F65B0062563F /* Sources */,
				8298A0DF2CA9F65B0062563F /* Frameworks */,
				8298A0E02CA9F65B0062563F /* Resources */,
			);
			buildRules = (
			);
			dependencies = (
			);
			name = LilyPath;
			productName = LilyPath;
			productReference = 8298A0E22CA9F65B0062563F /* LilyPath.app */;
			productType = "com.apple.product-type.application";
		};
		8298A0F12CA9F65C0062563F /* LilyPathTests */ = {
			isa = PBXNativeTarget;
			buildConfigurationList = 8298A1092CA9F65C0062563F /* Build configuration list for PBXNativeTarget "LilyPathTests" */;
			buildPhases = (
				8298A0EE2CA9F65C0062563F /* Sources */,
				8298A0EF2CA9F65C0062563F /* Frameworks */,
				8298A0F02CA9F65C0062563F /* Resources */,
			);
			buildRules = (
			);
			dependencies = (
				8298A0F42CA9F65C0062563F /* PBXTargetDependency */,
			);
			name = LilyPathTests;
			productName = LilyPathTests;
			productReference = 8298A0F22CA9F65C0062563F /* LilyPathTests.xctest */;
			productType = "com.apple.product-type.bundle.unit-test";
		};
		8298A0FB2CA9F65C0062563F /* LilyPathUITests */ = {
			isa = PBXNativeTarget;
			buildConfigurationList = 8298A10C2CA9F65C0062563F /* Build configuration list for PBXNativeTarget "LilyPathUITests" */;
			buildPhases = (
				8298A0F82CA9F65C0062563F /* Sources */,
				8298A0F92CA9F65C0062563F /* Frameworks */,
				8298A0FA2CA9F65C0062563F /* Resources */,
			);
			buildRules = (
			);
			dependencies = (
				8298A0FE2CA9F65C0062563F /* PBXTargetDependency */,
			);
			name = LilyPathUITests;
			productName = LilyPathUITests;
			productReference = 8298A0FC2CA9F65C0062563F /* LilyPathUITests.xctest */;
			productType = "com.apple.product-type.bundle.ui-testing";
		};
/* End PBXNativeTarget section */

/* Begin PBXProject section */
		8298A0DA2CA9F65B0062563F /* Project object */ = {
			isa = PBXProject;
			attributes = {
				BuildIndependentTargetsInParallel = 1;
				LastSwiftUpdateCheck = 1540;
				LastUpgradeCheck = 1600;
				TargetAttributes = {
					8298A0E12CA9F65B0062563F = {
						CreatedOnToolsVersion = 15.4;
					};
					8298A0F12CA9F65C0062563F = {
						CreatedOnToolsVersion = 15.4;
						TestTargetID = 8298A0E12CA9F65B0062563F;
					};
					8298A0FB2CA9F65C0062563F = {
						CreatedOnToolsVersion = 15.4;
						TestTargetID = 8298A0E12CA9F65B0062563F;
					};
				};
			};
			buildConfigurationList = 8298A0DD2CA9F65B0062563F /* Build configuration list for PBXProject "LilyPath" */;
			compatibilityVersion = "Xcode 14.0";
			developmentRegion = en;
			hasScannedForEncodings = 0;
			knownRegions = (
				en,
				Base,
			);
			mainGroup = 8298A0D92CA9F65B0062563F;
			productRefGroup = 8298A0E32CA9F65B0062563F /* Products */;
			projectDirPath = "";
			projectRoot = "";
			targets = (
				8298A0E12CA9F65B0062563F /* LilyPath */,
				8298A0F12CA9F65C0062563F /* LilyPathTests */,
				8298A0FB2CA9F65C0062563F /* LilyPathUITests */,
			);
		};
/* End PBXProject section */

/* Begin PBXResourcesBuildPhase section */
		8298A0E02CA9F65B0062563F /* Resources */ = {
			isa = PBXResourcesBuildPhase;
			buildActionMask = 2147483647;
			files = (
				8298A0ED2CA9F65B0062563F /* Preview Assets.xcassets in Resources */,
				238719432CAF090F00305DFA /* .gitignore in Resources */,
				8298A0EA2CA9F65B0062563F /* Assets.xcassets in Resources */,
			);
			runOnlyForDeploymentPostprocessing = 0;
		};
		8298A0F02CA9F65C0062563F /* Resources */ = {
			isa = PBXResourcesBuildPhase;
			buildActionMask = 2147483647;
			files = (
			);
			runOnlyForDeploymentPostprocessing = 0;
		};
		8298A0FA2CA9F65C0062563F /* Resources */ = {
			isa = PBXResourcesBuildPhase;
			buildActionMask = 2147483647;
			files = (
			);
			runOnlyForDeploymentPostprocessing = 0;
		};
/* End PBXResourcesBuildPhase section */

/* Begin PBXSourcesBuildPhase section */
		8298A0DE2CA9F65B0062563F /* Sources */ = {
			isa = PBXSourcesBuildPhase;
			buildActionMask = 2147483647;
			files = (
				2353BDAB2CC61B600019412C /* FitnessStatsView.swift in Sources */,
				2353BDAD2CC7183F0019412C /* TimePeriodPicker.swift in Sources */,
				2387199D2CB0709600305DFA /* TaskCard.swift in Sources */,
				238719492CAF172A00305DFA /* DailyTasksView.swift in Sources */,
				231DE64E2CB3AD7A008EFABA /* TabBar.swift in Sources */,
				23F44A8A2CC8F9DD00721D6E /* PlantStatsDetailView.swift in Sources */,
				233A0B6F2CB2095B00570652 /* IconImage.swift in Sources */,
				8280FF232CC63B4D00455EC4 /* ActivityModel.swift in Sources */,
				822948AD2CB26525003BD934 /* PlantGalleryCard.swift in Sources */,
				8298A1152CAA03D40062563F /* HomeView.swift in Sources */,
				8258D9CF2CC9989400E04273 /* TempStatsView.swift in Sources */,
				8298A1192CAA04430062563F /* StatisticsView.swift in Sources */,
				82D166002CB4F4C000A91D5E /* ImageModifier.swift in Sources */,
				23F44A8E2CC8FD5900721D6E /* FitnessStatsManager.swift in Sources */,
				8298A0E82CA9F65B0062563F /* ContentView.swift in Sources */,
				8298A0E62CA9F65B0062563F /* LilyPathApp.swift in Sources */,
				238719962CB06AB000305DFA /* GenerateRandomTasks.swift in Sources */,
				231DE6562CB4991E008EFABA /* CircularProgressBar.swift in Sources */,
				238719942CB0635200305DFA /* TaskModel.swift in Sources */,
				2353BDA92CC61B2F0019412C /* PlantStatsView.swift in Sources */,
				2387199F2CB0715A00305DFA /* ViewTitle.swift in Sources */,
				23F44A862CC8C08D00721D6E /* PlantStatsModel.swift in Sources */,
				823A18882CCA17E800289917 /* AggregateHealthDataView.swift in Sources */,
				23F44A842CC77A0E00721D6E /* FitnessStatsModel.swift in Sources */,
				827C6D5D2CAE0B4D00F29BE5 /* PlantShopView.swift in Sources */,
				823A18802CC9B20E00289917 /* ChartsView.swift in Sources */,
				233A0B722CB2486200570652 /* ShadowConstants.swift in Sources */,
				823A18862CC9B96600289917 /* MetricType.swift in Sources */,
				822948AF2CB356EA003BD934 /* ProgressBar.swift in Sources */,
				828897652CAE40D10089C5DD /* PlantShopCard.swift in Sources */,
				8298A1172CAA04340062563F /* GardenView.swift in Sources */,
				8280FF212CC62BC900455EC4 /* HealthManager.swift in Sources */,
				822FF7022CB118EC00F8F5DC /* PopUp.swift in Sources */,
				23F44A882CC8F14500721D6E /* StatsCard.swift in Sources */,
				23F44A922CC8FD9F00721D6E /* UserPlantManager.swift in Sources */,
				231E92012CAEFEBD00964175 /* FontSizes.swift in Sources */,
				23F44A822CC761A100721D6E /* NumberFormatter.swift in Sources */,
				23F44A902CC8FD7C00721D6E /* TaskManager.swift in Sources */,
				82DDA1832CB379A2008585EE /* PlantGalleryView.swift in Sources */,
				8298A11B2CAA04B10062563F /* SplashScreenView.swift in Sources */,
				2306B1542CADD31000ECC155 /* ThemeColors.swift in Sources */,
				233A0B6D2CB2007300570652 /* Icons.swift in Sources */,
				823A18822CC9B28000289917 /* FitnessStatsDetailView.swift in Sources */,
				822FF6FF2CB1154000F8F5DC /* BasePlantModel.swift in Sources */,
				231DE64C2CB3AA58008EFABA /* Tabs.swift in Sources */,
				822FF7002CB1154000F8F5DC /* UserPlantModel.swift in Sources */,
			);
			runOnlyForDeploymentPostprocessing = 0;
		};
		8298A0EE2CA9F65C0062563F /* Sources */ = {
			isa = PBXSourcesBuildPhase;
			buildActionMask = 2147483647;
			files = (
				8298A0F72CA9F65C0062563F /* LilyPathTests.swift in Sources */,
			);
			runOnlyForDeploymentPostprocessing = 0;
		};
		8298A0F82CA9F65C0062563F /* Sources */ = {
			isa = PBXSourcesBuildPhase;
			buildActionMask = 2147483647;
			files = (
				8298A1032CA9F65C0062563F /* LilyPathUITestsLaunchTests.swift in Sources */,
				8298A1012CA9F65C0062563F /* LilyPathUITests.swift in Sources */,
			);
			runOnlyForDeploymentPostprocessing = 0;
		};
/* End PBXSourcesBuildPhase section */

/* Begin PBXTargetDependency section */
		8298A0F42CA9F65C0062563F /* PBXTargetDependency */ = {
			isa = PBXTargetDependency;
			target = 8298A0E12CA9F65B0062563F /* LilyPath */;
			targetProxy = 8298A0F32CA9F65C0062563F /* PBXContainerItemProxy */;
		};
		8298A0FE2CA9F65C0062563F /* PBXTargetDependency */ = {
			isa = PBXTargetDependency;
			target = 8298A0E12CA9F65B0062563F /* LilyPath */;
			targetProxy = 8298A0FD2CA9F65C0062563F /* PBXContainerItemProxy */;
		};
/* End PBXTargetDependency section */

/* Begin XCBuildConfiguration section */
		8298A1042CA9F65C0062563F /* Debug */ = {
			isa = XCBuildConfiguration;
			buildSettings = {
				ALWAYS_SEARCH_USER_PATHS = NO;
				ASSETCATALOG_COMPILER_GENERATE_SWIFT_ASSET_SYMBOL_EXTENSIONS = YES;
				CLANG_ANALYZER_NONNULL = YES;
				CLANG_ANALYZER_NUMBER_OBJECT_CONVERSION = YES_AGGRESSIVE;
				CLANG_CXX_LANGUAGE_STANDARD = "gnu++20";
				CLANG_ENABLE_MODULES = YES;
				CLANG_ENABLE_OBJC_ARC = YES;
				CLANG_ENABLE_OBJC_WEAK = YES;
				CLANG_WARN_BLOCK_CAPTURE_AUTORELEASING = YES;
				CLANG_WARN_BOOL_CONVERSION = YES;
				CLANG_WARN_COMMA = YES;
				CLANG_WARN_CONSTANT_CONVERSION = YES;
				CLANG_WARN_DEPRECATED_OBJC_IMPLEMENTATIONS = YES;
				CLANG_WARN_DIRECT_OBJC_ISA_USAGE = YES_ERROR;
				CLANG_WARN_DOCUMENTATION_COMMENTS = YES;
				CLANG_WARN_EMPTY_BODY = YES;
				CLANG_WARN_ENUM_CONVERSION = YES;
				CLANG_WARN_INFINITE_RECURSION = YES;
				CLANG_WARN_INT_CONVERSION = YES;
				CLANG_WARN_NON_LITERAL_NULL_CONVERSION = YES;
				CLANG_WARN_OBJC_IMPLICIT_RETAIN_SELF = YES;
				CLANG_WARN_OBJC_LITERAL_CONVERSION = YES;
				CLANG_WARN_OBJC_ROOT_CLASS = YES_ERROR;
				CLANG_WARN_QUOTED_INCLUDE_IN_FRAMEWORK_HEADER = YES;
				CLANG_WARN_RANGE_LOOP_ANALYSIS = YES;
				CLANG_WARN_STRICT_PROTOTYPES = YES;
				CLANG_WARN_SUSPICIOUS_MOVE = YES;
				CLANG_WARN_UNGUARDED_AVAILABILITY = YES_AGGRESSIVE;
				CLANG_WARN_UNREACHABLE_CODE = YES;
				CLANG_WARN__DUPLICATE_METHOD_MATCH = YES;
				COPY_PHASE_STRIP = NO;
				DEBUG_INFORMATION_FORMAT = dwarf;
				ENABLE_STRICT_OBJC_MSGSEND = YES;
				ENABLE_TESTABILITY = YES;
				ENABLE_USER_SCRIPT_SANDBOXING = YES;
				GCC_C_LANGUAGE_STANDARD = gnu17;
				GCC_DYNAMIC_NO_PIC = NO;
				GCC_NO_COMMON_BLOCKS = YES;
				GCC_OPTIMIZATION_LEVEL = 0;
				GCC_PREPROCESSOR_DEFINITIONS = (
					"DEBUG=1",
					"$(inherited)",
				);
				GCC_WARN_64_TO_32_BIT_CONVERSION = YES;
				GCC_WARN_ABOUT_RETURN_TYPE = YES_ERROR;
				GCC_WARN_UNDECLARED_SELECTOR = YES;
				GCC_WARN_UNINITIALIZED_AUTOS = YES_AGGRESSIVE;
				GCC_WARN_UNUSED_FUNCTION = YES;
				GCC_WARN_UNUSED_VARIABLE = YES;
				IPHONEOS_DEPLOYMENT_TARGET = 17.5;
				LOCALIZATION_PREFERS_STRING_CATALOGS = YES;
				MTL_ENABLE_DEBUG_INFO = INCLUDE_SOURCE;
				MTL_FAST_MATH = YES;
				ONLY_ACTIVE_ARCH = YES;
				SDKROOT = iphoneos;
				SWIFT_ACTIVE_COMPILATION_CONDITIONS = "DEBUG $(inherited)";
				SWIFT_OPTIMIZATION_LEVEL = "-Onone";
			};
			name = Debug;
		};
		8298A1052CA9F65C0062563F /* Release */ = {
			isa = XCBuildConfiguration;
			buildSettings = {
				ALWAYS_SEARCH_USER_PATHS = NO;
				ASSETCATALOG_COMPILER_GENERATE_SWIFT_ASSET_SYMBOL_EXTENSIONS = YES;
				CLANG_ANALYZER_NONNULL = YES;
				CLANG_ANALYZER_NUMBER_OBJECT_CONVERSION = YES_AGGRESSIVE;
				CLANG_CXX_LANGUAGE_STANDARD = "gnu++20";
				CLANG_ENABLE_MODULES = YES;
				CLANG_ENABLE_OBJC_ARC = YES;
				CLANG_ENABLE_OBJC_WEAK = YES;
				CLANG_WARN_BLOCK_CAPTURE_AUTORELEASING = YES;
				CLANG_WARN_BOOL_CONVERSION = YES;
				CLANG_WARN_COMMA = YES;
				CLANG_WARN_CONSTANT_CONVERSION = YES;
				CLANG_WARN_DEPRECATED_OBJC_IMPLEMENTATIONS = YES;
				CLANG_WARN_DIRECT_OBJC_ISA_USAGE = YES_ERROR;
				CLANG_WARN_DOCUMENTATION_COMMENTS = YES;
				CLANG_WARN_EMPTY_BODY = YES;
				CLANG_WARN_ENUM_CONVERSION = YES;
				CLANG_WARN_INFINITE_RECURSION = YES;
				CLANG_WARN_INT_CONVERSION = YES;
				CLANG_WARN_NON_LITERAL_NULL_CONVERSION = YES;
				CLANG_WARN_OBJC_IMPLICIT_RETAIN_SELF = YES;
				CLANG_WARN_OBJC_LITERAL_CONVERSION = YES;
				CLANG_WARN_OBJC_ROOT_CLASS = YES_ERROR;
				CLANG_WARN_QUOTED_INCLUDE_IN_FRAMEWORK_HEADER = YES;
				CLANG_WARN_RANGE_LOOP_ANALYSIS = YES;
				CLANG_WARN_STRICT_PROTOTYPES = YES;
				CLANG_WARN_SUSPICIOUS_MOVE = YES;
				CLANG_WARN_UNGUARDED_AVAILABILITY = YES_AGGRESSIVE;
				CLANG_WARN_UNREACHABLE_CODE = YES;
				CLANG_WARN__DUPLICATE_METHOD_MATCH = YES;
				COPY_PHASE_STRIP = NO;
				DEBUG_INFORMATION_FORMAT = "dwarf-with-dsym";
				ENABLE_NS_ASSERTIONS = NO;
				ENABLE_STRICT_OBJC_MSGSEND = YES;
				ENABLE_USER_SCRIPT_SANDBOXING = YES;
				GCC_C_LANGUAGE_STANDARD = gnu17;
				GCC_NO_COMMON_BLOCKS = YES;
				GCC_WARN_64_TO_32_BIT_CONVERSION = YES;
				GCC_WARN_ABOUT_RETURN_TYPE = YES_ERROR;
				GCC_WARN_UNDECLARED_SELECTOR = YES;
				GCC_WARN_UNINITIALIZED_AUTOS = YES_AGGRESSIVE;
				GCC_WARN_UNUSED_FUNCTION = YES;
				GCC_WARN_UNUSED_VARIABLE = YES;
				IPHONEOS_DEPLOYMENT_TARGET = 17.5;
				LOCALIZATION_PREFERS_STRING_CATALOGS = YES;
				MTL_ENABLE_DEBUG_INFO = NO;
				MTL_FAST_MATH = YES;
				SDKROOT = iphoneos;
				SWIFT_COMPILATION_MODE = wholemodule;
				VALIDATE_PRODUCT = YES;
			};
			name = Release;
		};
		8298A1072CA9F65C0062563F /* Debug */ = {
			isa = XCBuildConfiguration;
			buildSettings = {
				ASSETCATALOG_COMPILER_APPICON_NAME = AppIcon;
				ASSETCATALOG_COMPILER_GLOBAL_ACCENT_COLOR_NAME = AccentColor;
				CODE_SIGN_ENTITLEMENTS = LilyPath/LilyPath.entitlements;
				CODE_SIGN_STYLE = Automatic;
				CURRENT_PROJECT_VERSION = 1;
				DEVELOPMENT_ASSET_PATHS = "\"LilyPath/Preview Content\"";
				DEVELOPMENT_TEAM = 8VNFX56NRK;
				ENABLE_PREVIEWS = YES;
				GENERATE_INFOPLIST_FILE = YES;
				INFOPLIST_FILE = LilyPath/Info.plist;
				INFOPLIST_KEY_CFBundleDisplayName = "";
				INFOPLIST_KEY_LSApplicationCategoryType = "";
				INFOPLIST_KEY_NSHealthClinicalHealthRecordsShareUsageDescription = "This app wants to read your health data.";
				INFOPLIST_KEY_UIApplicationSceneManifest_Generation = YES;
				INFOPLIST_KEY_UIApplicationSupportsIndirectInputEvents = YES;
				INFOPLIST_KEY_UILaunchScreen_Generation = YES;
				INFOPLIST_KEY_UISupportedInterfaceOrientations = UIInterfaceOrientationPortrait;
				INFOPLIST_KEY_UISupportedInterfaceOrientations_iPad = "UIInterfaceOrientationLandscapeLeft UIInterfaceOrientationLandscapeRight UIInterfaceOrientationPortrait UIInterfaceOrientationPortraitUpsideDown";
				LD_RUNPATH_SEARCH_PATHS = (
					"$(inherited)",
					"@executable_path/Frameworks",
				);
				MARKETING_VERSION = 1.0;
				PRODUCT_BUNDLE_IDENTIFIER = kikilala.LilyPath;
				PRODUCT_NAME = "$(TARGET_NAME)";
				SUPPORTED_PLATFORMS = "iphoneos iphonesimulator";
				SUPPORTS_MACCATALYST = NO;
				SUPPORTS_XR_DESIGNED_FOR_IPHONE_IPAD = NO;
				SWIFT_EMIT_LOC_STRINGS = YES;
				SWIFT_VERSION = 5.0;
				TARGETED_DEVICE_FAMILY = "1,2";
			};
			name = Debug;
		};
		8298A1082CA9F65C0062563F /* Release */ = {
			isa = XCBuildConfiguration;
			buildSettings = {
				ASSETCATALOG_COMPILER_APPICON_NAME = AppIcon;
				ASSETCATALOG_COMPILER_GLOBAL_ACCENT_COLOR_NAME = AccentColor;
				CODE_SIGN_ENTITLEMENTS = LilyPath/LilyPath.entitlements;
				CODE_SIGN_STYLE = Automatic;
				CURRENT_PROJECT_VERSION = 1;
				DEVELOPMENT_ASSET_PATHS = "\"LilyPath/Preview Content\"";
				DEVELOPMENT_TEAM = 8VNFX56NRK;
				ENABLE_PREVIEWS = YES;
				GENERATE_INFOPLIST_FILE = YES;
				INFOPLIST_FILE = LilyPath/Info.plist;
				INFOPLIST_KEY_CFBundleDisplayName = "";
				INFOPLIST_KEY_LSApplicationCategoryType = "";
				INFOPLIST_KEY_NSHealthClinicalHealthRecordsShareUsageDescription = "This app wants to read your health data.";
				INFOPLIST_KEY_UIApplicationSceneManifest_Generation = YES;
				INFOPLIST_KEY_UIApplicationSupportsIndirectInputEvents = YES;
				INFOPLIST_KEY_UILaunchScreen_Generation = YES;
				INFOPLIST_KEY_UISupportedInterfaceOrientations = UIInterfaceOrientationPortrait;
				INFOPLIST_KEY_UISupportedInterfaceOrientations_iPad = "UIInterfaceOrientationLandscapeLeft UIInterfaceOrientationLandscapeRight UIInterfaceOrientationPortrait UIInterfaceOrientationPortraitUpsideDown";
				LD_RUNPATH_SEARCH_PATHS = (
					"$(inherited)",
					"@executable_path/Frameworks",
				);
				MARKETING_VERSION = 1.0;
				PRODUCT_BUNDLE_IDENTIFIER = kikilala.LilyPath;
				PRODUCT_NAME = "$(TARGET_NAME)";
				SUPPORTED_PLATFORMS = "iphoneos iphonesimulator";
				SUPPORTS_MACCATALYST = NO;
				SUPPORTS_XR_DESIGNED_FOR_IPHONE_IPAD = NO;
				SWIFT_EMIT_LOC_STRINGS = YES;
				SWIFT_VERSION = 5.0;
				TARGETED_DEVICE_FAMILY = "1,2";
			};
			name = Release;
		};
		8298A10A2CA9F65C0062563F /* Debug */ = {
			isa = XCBuildConfiguration;
			buildSettings = {
				BUNDLE_LOADER = "$(TEST_HOST)";
				CODE_SIGN_STYLE = Automatic;
				CURRENT_PROJECT_VERSION = 1;
				GENERATE_INFOPLIST_FILE = YES;
				IPHONEOS_DEPLOYMENT_TARGET = 17.5;
				MARKETING_VERSION = 1.0;
				PRODUCT_BUNDLE_IDENTIFIER = kikilala.LilyPathTests;
				PRODUCT_NAME = "$(TARGET_NAME)";
				SWIFT_EMIT_LOC_STRINGS = NO;
				SWIFT_VERSION = 5.0;
				TARGETED_DEVICE_FAMILY = "1,2";
				TEST_HOST = "$(BUILT_PRODUCTS_DIR)/LilyPath.app/$(BUNDLE_EXECUTABLE_FOLDER_PATH)/LilyPath";
			};
			name = Debug;
		};
		8298A10B2CA9F65C0062563F /* Release */ = {
			isa = XCBuildConfiguration;
			buildSettings = {
				BUNDLE_LOADER = "$(TEST_HOST)";
				CODE_SIGN_STYLE = Automatic;
				CURRENT_PROJECT_VERSION = 1;
				GENERATE_INFOPLIST_FILE = YES;
				IPHONEOS_DEPLOYMENT_TARGET = 17.5;
				MARKETING_VERSION = 1.0;
				PRODUCT_BUNDLE_IDENTIFIER = kikilala.LilyPathTests;
				PRODUCT_NAME = "$(TARGET_NAME)";
				SWIFT_EMIT_LOC_STRINGS = NO;
				SWIFT_VERSION = 5.0;
				TARGETED_DEVICE_FAMILY = "1,2";
				TEST_HOST = "$(BUILT_PRODUCTS_DIR)/LilyPath.app/$(BUNDLE_EXECUTABLE_FOLDER_PATH)/LilyPath";
			};
			name = Release;
		};
		8298A10D2CA9F65C0062563F /* Debug */ = {
			isa = XCBuildConfiguration;
			buildSettings = {
				CODE_SIGN_STYLE = Automatic;
				CURRENT_PROJECT_VERSION = 1;
				GENERATE_INFOPLIST_FILE = YES;
				MARKETING_VERSION = 1.0;
				PRODUCT_BUNDLE_IDENTIFIER = kikilala.LilyPathUITests;
				PRODUCT_NAME = "$(TARGET_NAME)";
				SWIFT_EMIT_LOC_STRINGS = NO;
				SWIFT_VERSION = 5.0;
				TARGETED_DEVICE_FAMILY = "1,2";
				TEST_TARGET_NAME = LilyPath;
			};
			name = Debug;
		};
		8298A10E2CA9F65C0062563F /* Release */ = {
			isa = XCBuildConfiguration;
			buildSettings = {
				CODE_SIGN_STYLE = Automatic;
				CURRENT_PROJECT_VERSION = 1;
				GENERATE_INFOPLIST_FILE = YES;
				MARKETING_VERSION = 1.0;
				PRODUCT_BUNDLE_IDENTIFIER = kikilala.LilyPathUITests;
				PRODUCT_NAME = "$(TARGET_NAME)";
				SWIFT_EMIT_LOC_STRINGS = NO;
				SWIFT_VERSION = 5.0;
				TARGETED_DEVICE_FAMILY = "1,2";
				TEST_TARGET_NAME = LilyPath;
			};
			name = Release;
		};
/* End XCBuildConfiguration section */

/* Begin XCConfigurationList section */
		8298A0DD2CA9F65B0062563F /* Build configuration list for PBXProject "LilyPath" */ = {
			isa = XCConfigurationList;
			buildConfigurations = (
				8298A1042CA9F65C0062563F /* Debug */,
				8298A1052CA9F65C0062563F /* Release */,
			);
			defaultConfigurationIsVisible = 0;
			defaultConfigurationName = Release;
		};
		8298A1062CA9F65C0062563F /* Build configuration list for PBXNativeTarget "LilyPath" */ = {
			isa = XCConfigurationList;
			buildConfigurations = (
				8298A1072CA9F65C0062563F /* Debug */,
				8298A1082CA9F65C0062563F /* Release */,
			);
			defaultConfigurationIsVisible = 0;
			defaultConfigurationName = Release;
		};
		8298A1092CA9F65C0062563F /* Build configuration list for PBXNativeTarget "LilyPathTests" */ = {
			isa = XCConfigurationList;
			buildConfigurations = (
				8298A10A2CA9F65C0062563F /* Debug */,
				8298A10B2CA9F65C0062563F /* Release */,
			);
			defaultConfigurationIsVisible = 0;
			defaultConfigurationName = Release;
		};
		8298A10C2CA9F65C0062563F /* Build configuration list for PBXNativeTarget "LilyPathUITests" */ = {
			isa = XCConfigurationList;
			buildConfigurations = (
				8298A10D2CA9F65C0062563F /* Debug */,
				8298A10E2CA9F65C0062563F /* Release */,
			);
			defaultConfigurationIsVisible = 0;
			defaultConfigurationName = Release;
		};
/* End XCConfigurationList section */
	};
	rootObject = 8298A0DA2CA9F65B0062563F /* Project object */;
}
